
Microsoft Visual Studio Solution File, Format Version 12.00
# Visual Studio Version 17
VisualStudioVersion = 17.12.35527.113
MinimumVisualStudioVersion = 10.0.40219.1
Project("{F184B08F-C81C-45F6-A57F-5ABD9991F28F}") = "OllamaClient", "OllamaClient.vbproj", "{D84D5FF7-920D-4805-82A9-329754C15188}"
EndProject
Project("{2150E333-8FDC-42A3-9474-1A3956D46DE8}") = "Solution Items", "Solution Items", "{D1AF3368-3A64-4DD5-969C-A821174AFC7D}"
	ProjectSection(SolutionItems) = preProject
		ollama.ico = ollama.ico
	EndProjectSection
EndProject
Global
	GlobalSection(SolutionConfigurationPlatforms) = preSolution
		Debug|Any CPU = Debug|Any CPU
		Release|Any CPU = Release|Any CPU
	EndGlobalSection
	GlobalSection(ProjectConfigurationPlatforms) = postSolution
		{D84D5FF7-920D-4805-82A9-329754C15188}.Debug|Any CPU.ActiveCfg = Debug|Any CPU
		{D84D5FF7-920D-4805-82A9-329754C15188}.Debug|Any CPU.Build.0 = Debug|Any CPU
		{D84D5FF7-920D-4805-82A9-329754C15188}.Release|Any CPU.ActiveCfg = Release|Any CPU
		{D84D5FF7-920D-4805-82A9-329754C15188}.Release|Any CPU.Build.0 = Release|Any CPU
	EndGlobalSection
	GlobalSection(SolutionProperties) = preSolution
		HideSolutionNode = FALSE
	EndGlobalSection
EndGlobal
